{
  "requires": true,
  "lockfileVersion": 1,
  "dependencies": {
    "store-js": {
      "version": "2.0.4",
      "resolved": "https://registry.npmjs.org/store-js/-/store-js-2.0.4.tgz",
      "integrity": "sha512-ap3Tcpc5kbPnUOpty9g5v7XozAxPylPokzhPxnQ4EtyTbjt+pHw4GVgxkng8vxcT1R9ZShXY/aCKqAQrhjTESA=="
    }
  }
}
